
Microsoft Visual Studio Solution File, Format Version 12.00
# Visual Studio Version 17
VisualStudioVersion = 17.4.33103.184
MinimumVisualStudioVersion = 10.0.40219.1
Project("{9A19103F-16F7-4668-BE54-9A1E7A4F7556}") = "BankApp", "BankApp\BankApp.csproj", "{11E6B207-D29A-4B23-98A1-5A5A06EF9FA1}"
EndProject
Project("{2150E333-8FDC-42A3-9474-1A3956D46DE8}") = "core", "core", "{8717D956-C282-4972-B257-DC7179DCD60C}"
EndProject
Project("{2150E333-8FDC-42A3-9474-1A3956D46DE8}") = "Infrastructure", "Infrastructure", "{EA2BABBA-A68A-41F6-B022-632D70B0FC0D}"
EndProject
Project("{9A19103F-16F7-4668-BE54-9A1E7A4F7556}") = "BankApp.Core.Domain", "BankApp.Core.Domain\BankApp.Core.Domain.csproj", "{A12C3D63-5502-4E3C-869A-52D74B535416}"
EndProject
Project("{9A19103F-16F7-4668-BE54-9A1E7A4F7556}") = "BankApp.Data", "BankApp.Data\BankApp.Data.csproj", "{7EC133AC-3E41-4634-99BA-FA50E9699EDF}"
EndProject
Project("{9A19103F-16F7-4668-BE54-9A1E7A4F7556}") = "BankApp.Identity", "BankApp.Identity\BankApp.Identity.csproj", "{A8584C02-B6C1-4D73-BBB7-55C217283AA6}"
EndProject
Project("{FAE04EC0-301F-11D3-BF4B-00C04F79EFBC}") = "BankApp.Application", "BankApp.Application\BankApp.Application.csproj", "{FC1FAF54-DEF9-4AB2-9EF8-CAD1B4F11DF7}"
EndProject
Global
	GlobalSection(SolutionConfigurationPlatforms) = preSolution
		Debug|Any CPU = Debug|Any CPU
		Release|Any CPU = Release|Any CPU
	EndGlobalSection
	GlobalSection(ProjectConfigurationPlatforms) = postSolution
		{11E6B207-D29A-4B23-98A1-5A5A06EF9FA1}.Debug|Any CPU.ActiveCfg = Debug|Any CPU
		{11E6B207-D29A-4B23-98A1-5A5A06EF9FA1}.Debug|Any CPU.Build.0 = Debug|Any CPU
		{11E6B207-D29A-4B23-98A1-5A5A06EF9FA1}.Release|Any CPU.ActiveCfg = Release|Any CPU
		{11E6B207-D29A-4B23-98A1-5A5A06EF9FA1}.Release|Any CPU.Build.0 = Release|Any CPU
		{A12C3D63-5502-4E3C-869A-52D74B535416}.Debug|Any CPU.ActiveCfg = Debug|Any CPU
		{A12C3D63-5502-4E3C-869A-52D74B535416}.Debug|Any CPU.Build.0 = Debug|Any CPU
		{A12C3D63-5502-4E3C-869A-52D74B535416}.Release|Any CPU.ActiveCfg = Release|Any CPU
		{A12C3D63-5502-4E3C-869A-52D74B535416}.Release|Any CPU.Build.0 = Release|Any CPU
		{7EC133AC-3E41-4634-99BA-FA50E9699EDF}.Debug|Any CPU.ActiveCfg = Debug|Any CPU
		{7EC133AC-3E41-4634-99BA-FA50E9699EDF}.Debug|Any CPU.Build.0 = Debug|Any CPU
		{7EC133AC-3E41-4634-99BA-FA50E9699EDF}.Release|Any CPU.ActiveCfg = Release|Any CPU
		{7EC133AC-3E41-4634-99BA-FA50E9699EDF}.Release|Any CPU.Build.0 = Release|Any CPU
		{A8584C02-B6C1-4D73-BBB7-55C217283AA6}.Debug|Any CPU.ActiveCfg = Debug|Any CPU
		{A8584C02-B6C1-4D73-BBB7-55C217283AA6}.Debug|Any CPU.Build.0 = Debug|Any CPU
		{A8584C02-B6C1-4D73-BBB7-55C217283AA6}.Release|Any CPU.ActiveCfg = Release|Any CPU
		{A8584C02-B6C1-4D73-BBB7-55C217283AA6}.Release|Any CPU.Build.0 = Release|Any CPU
		{FC1FAF54-DEF9-4AB2-9EF8-CAD1B4F11DF7}.Debug|Any CPU.ActiveCfg = Debug|Any CPU
		{FC1FAF54-DEF9-4AB2-9EF8-CAD1B4F11DF7}.Debug|Any CPU.Build.0 = Debug|Any CPU
		{FC1FAF54-DEF9-4AB2-9EF8-CAD1B4F11DF7}.Release|Any CPU.ActiveCfg = Release|Any CPU
		{FC1FAF54-DEF9-4AB2-9EF8-CAD1B4F11DF7}.Release|Any CPU.Build.0 = Release|Any CPU
	EndGlobalSection
	GlobalSection(SolutionProperties) = preSolution
		HideSolutionNode = FALSE
	EndGlobalSection
	GlobalSection(NestedProjects) = preSolution
		{A12C3D63-5502-4E3C-869A-52D74B535416} = {8717D956-C282-4972-B257-DC7179DCD60C}
		{7EC133AC-3E41-4634-99BA-FA50E9699EDF} = {EA2BABBA-A68A-41F6-B022-632D70B0FC0D}
		{A8584C02-B6C1-4D73-BBB7-55C217283AA6} = {EA2BABBA-A68A-41F6-B022-632D70B0FC0D}
		{FC1FAF54-DEF9-4AB2-9EF8-CAD1B4F11DF7} = {8717D956-C282-4972-B257-DC7179DCD60C}
	EndGlobalSection
	GlobalSection(ExtensibilityGlobals) = postSolution
		SolutionGuid = {60B72F41-8900-46F5-98F1-1A3C1589810D}
	EndGlobalSection
EndGlobal
